
Microsoft Visual Studio Solution File, Format Version 12.00
# Visual Studio Version 16
VisualStudioVersion = 16.0.31624.102
MinimumVisualStudioVersion = 10.0.40219.1
Project("{FAE04EC0-301F-11D3-BF4B-00C04F79EFBC}") = "1 Interfaz", "Interfaz\1 Interfaz.csproj", "{35DE6F71-0E62-41AA-B809-7BEB4321E0BC}"
EndProject
Project("{FAE04EC0-301F-11D3-BF4B-00C04F79EFBC}") = "2 Validar", "Validar\2 Validar.csproj", "{7C43CCA5-D256-4F3E-8D6E-9932E3D6455B}"
EndProject
Project("{FAE04EC0-301F-11D3-BF4B-00C04F79EFBC}") = "3 BaseDatos", "BaseDatos\3 BaseDatos.csproj", "{C7C9AAAC-DDA5-428D-BBEF-06A270B501FF}"
EndProject
Global
	GlobalSection(SolutionConfigurationPlatforms) = preSolution
		Debug|Any CPU = Debug|Any CPU
		Release|Any CPU = Release|Any CPU
	EndGlobalSection
	GlobalSection(ProjectConfigurationPlatforms) = postSolution
		{35DE6F71-0E62-41AA-B809-7BEB4321E0BC}.Debug|Any CPU.ActiveCfg = Debug|Any CPU
		{35DE6F71-0E62-41AA-B809-7BEB4321E0BC}.Debug|Any CPU.Build.0 = Debug|Any CPU
		{35DE6F71-0E62-41AA-B809-7BEB4321E0BC}.Release|Any CPU.ActiveCfg = Release|Any CPU
		{35DE6F71-0E62-41AA-B809-7BEB4321E0BC}.Release|Any CPU.Build.0 = Release|Any CPU
		{7C43CCA5-D256-4F3E-8D6E-9932E3D6455B}.Debug|Any CPU.ActiveCfg = Debug|Any CPU
		{7C43CCA5-D256-4F3E-8D6E-9932E3D6455B}.Debug|Any CPU.Build.0 = Debug|Any CPU
		{7C43CCA5-D256-4F3E-8D6E-9932E3D6455B}.Release|Any CPU.ActiveCfg = Release|Any CPU
		{7C43CCA5-D256-4F3E-8D6E-9932E3D6455B}.Release|Any CPU.Build.0 = Release|Any CPU
		{C7C9AAAC-DDA5-428D-BBEF-06A270B501FF}.Debug|Any CPU.ActiveCfg = Debug|Any CPU
		{C7C9AAAC-DDA5-428D-BBEF-06A270B501FF}.Debug|Any CPU.Build.0 = Debug|Any CPU
		{C7C9AAAC-DDA5-428D-BBEF-06A270B501FF}.Release|Any CPU.ActiveCfg = Release|Any CPU
		{C7C9AAAC-DDA5-428D-BBEF-06A270B501FF}.Release|Any CPU.Build.0 = Release|Any CPU
	EndGlobalSection
	GlobalSection(SolutionProperties) = preSolution
		HideSolutionNode = FALSE
	EndGlobalSection
	GlobalSection(ExtensibilityGlobals) = postSolution
		SolutionGuid = {63F73E0C-3991-4F3F-B764-5C59CB201066}
	EndGlobalSection
EndGlobal
